
Microsoft Visual Studio Solution File, Format Version 12.00
# Visual Studio Version 16
VisualStudioVersion = 16.0.30717.126
MinimumVisualStudioVersion = 15.0.26124.0
Project("{9A19103F-16F7-4668-BE54-9A1E7A4F7556}") = "API", "API\API.csproj", "{830F2E1B-2631-4321-AFE6-0B33EFA8A06A}"
EndProject
Project("{9A19103F-16F7-4668-BE54-9A1E7A4F7556}") = "Core", "Core\Core.csproj", "{ED551A7D-5AFF-4EA3-A2F5-6F14E9840476}"
EndProject
Project("{9A19103F-16F7-4668-BE54-9A1E7A4F7556}") = "Infrastructure", "Infrastructure\Infrastructure.csproj", "{586489E3-30B2-45CF-A593-D2BF3C7AC437}"
EndProject
Global
	GlobalSection(SolutionConfigurationPlatforms) = preSolution
		Debug|Any CPU = Debug|Any CPU
		Debug|x64 = Debug|x64
		Debug|x86 = Debug|x86
		Release|Any CPU = Release|Any CPU
		Release|x64 = Release|x64
		Release|x86 = Release|x86
	EndGlobalSection
	GlobalSection(ProjectConfigurationPlatforms) = postSolution
		{830F2E1B-2631-4321-AFE6-0B33EFA8A06A}.Debug|Any CPU.ActiveCfg = Debug|Any CPU
		{830F2E1B-2631-4321-AFE6-0B33EFA8A06A}.Debug|Any CPU.Build.0 = Debug|Any CPU
		{830F2E1B-2631-4321-AFE6-0B33EFA8A06A}.Debug|x64.ActiveCfg = Debug|Any CPU
		{830F2E1B-2631-4321-AFE6-0B33EFA8A06A}.Debug|x64.Build.0 = Debug|Any CPU
		{830F2E1B-2631-4321-AFE6-0B33EFA8A06A}.Debug|x86.ActiveCfg = Debug|Any CPU
		{830F2E1B-2631-4321-AFE6-0B33EFA8A06A}.Debug|x86.Build.0 = Debug|Any CPU
		{830F2E1B-2631-4321-AFE6-0B33EFA8A06A}.Release|Any CPU.ActiveCfg = Release|Any CPU
		{830F2E1B-2631-4321-AFE6-0B33EFA8A06A}.Release|Any CPU.Build.0 = Release|Any CPU
		{830F2E1B-2631-4321-AFE6-0B33EFA8A06A}.Release|x64.ActiveCfg = Release|Any CPU
		{830F2E1B-2631-4321-AFE6-0B33EFA8A06A}.Release|x64.Build.0 = Release|Any CPU
		{830F2E1B-2631-4321-AFE6-0B33EFA8A06A}.Release|x86.ActiveCfg = Release|Any CPU
		{830F2E1B-2631-4321-AFE6-0B33EFA8A06A}.Release|x86.Build.0 = Release|Any CPU
		{ED551A7D-5AFF-4EA3-A2F5-6F14E9840476}.Debug|Any CPU.ActiveCfg = Debug|Any CPU
		{ED551A7D-5AFF-4EA3-A2F5-6F14E9840476}.Debug|Any CPU.Build.0 = Debug|Any CPU
		{ED551A7D-5AFF-4EA3-A2F5-6F14E9840476}.Debug|x64.ActiveCfg = Debug|Any CPU
		{ED551A7D-5AFF-4EA3-A2F5-6F14E9840476}.Debug|x64.Build.0 = Debug|Any CPU
		{ED551A7D-5AFF-4EA3-A2F5-6F14E9840476}.Debug|x86.ActiveCfg = Debug|Any CPU
		{ED551A7D-5AFF-4EA3-A2F5-6F14E9840476}.Debug|x86.Build.0 = Debug|Any CPU
		{ED551A7D-5AFF-4EA3-A2F5-6F14E9840476}.Release|Any CPU.ActiveCfg = Release|Any CPU
		{ED551A7D-5AFF-4EA3-A2F5-6F14E9840476}.Release|Any CPU.Build.0 = Release|Any CPU
		{ED551A7D-5AFF-4EA3-A2F5-6F14E9840476}.Release|x64.ActiveCfg = Release|Any CPU
		{ED551A7D-5AFF-4EA3-A2F5-6F14E9840476}.Release|x64.Build.0 = Release|Any CPU
		{ED551A7D-5AFF-4EA3-A2F5-6F14E9840476}.Release|x86.ActiveCfg = Release|Any CPU
		{ED551A7D-5AFF-4EA3-A2F5-6F14E9840476}.Release|x86.Build.0 = Release|Any CPU
		{586489E3-30B2-45CF-A593-D2BF3C7AC437}.Debug|Any CPU.ActiveCfg = Debug|Any CPU
		{586489E3-30B2-45CF-A593-D2BF3C7AC437}.Debug|Any CPU.Build.0 = Debug|Any CPU
		{586489E3-30B2-45CF-A593-D2BF3C7AC437}.Debug|x64.ActiveCfg = Debug|Any CPU
		{586489E3-30B2-45CF-A593-D2BF3C7AC437}.Debug|x64.Build.0 = Debug|Any CPU
		{586489E3-30B2-45CF-A593-D2BF3C7AC437}.Debug|x86.ActiveCfg = Debug|Any CPU
		{586489E3-30B2-45CF-A593-D2BF3C7AC437}.Debug|x86.Build.0 = Debug|Any CPU
		{586489E3-30B2-45CF-A593-D2BF3C7AC437}.Release|Any CPU.ActiveCfg = Release|Any CPU
		{586489E3-30B2-45CF-A593-D2BF3C7AC437}.Release|Any CPU.Build.0 = Release|Any CPU
		{586489E3-30B2-45CF-A593-D2BF3C7AC437}.Release|x64.ActiveCfg = Release|Any CPU
		{586489E3-30B2-45CF-A593-D2BF3C7AC437}.Release|x64.Build.0 = Release|Any CPU
		{586489E3-30B2-45CF-A593-D2BF3C7AC437}.Release|x86.ActiveCfg = Release|Any CPU
		{586489E3-30B2-45CF-A593-D2BF3C7AC437}.Release|x86.Build.0 = Release|Any CPU
	EndGlobalSection
	GlobalSection(SolutionProperties) = preSolution
		HideSolutionNode = FALSE
	EndGlobalSection
	GlobalSection(ExtensibilityGlobals) = postSolution
		SolutionGuid = {199242F7-8389-43E2-BD19-03A7700A46AB}
	EndGlobalSection
EndGlobal
